
Microsoft Visual Studio Solution File, Format Version 12.00
# Visual Studio 14
VisualStudioVersion = 14.0.25420.1
MinimumVisualStudioVersion = 10.0.40219.1
Project("{FAE04EC0-301F-11D3-BF4B-00C04F79EFBC}") = "AppServer", "Hotel\AppServer.csproj", "{273CD15F-F39F-4134-B12A-DA379A5F6F1E}"
EndProject
Project("{FAE04EC0-301F-11D3-BF4B-00C04F79EFBC}") = "WpfAppClient", "WpfAppClient\WpfAppClient.csproj", "{051A69DF-E4C2-4364-B45D-C66F71737328}"
EndProject
Global
	GlobalSection(SolutionConfigurationPlatforms) = preSolution
		Debug|Any CPU = Debug|Any CPU
		Release|Any CPU = Release|Any CPU
	EndGlobalSection
	GlobalSection(ProjectConfigurationPlatforms) = postSolution
		{273CD15F-F39F-4134-B12A-DA379A5F6F1E}.Debug|Any CPU.ActiveCfg = Debug|Any CPU
		{273CD15F-F39F-4134-B12A-DA379A5F6F1E}.Debug|Any CPU.Build.0 = Debug|Any CPU
		{273CD15F-F39F-4134-B12A-DA379A5F6F1E}.Release|Any CPU.ActiveCfg = Release|Any CPU
		{273CD15F-F39F-4134-B12A-DA379A5F6F1E}.Release|Any CPU.Build.0 = Release|Any CPU
		{051A69DF-E4C2-4364-B45D-C66F71737328}.Debug|Any CPU.ActiveCfg = Debug|Any CPU
		{051A69DF-E4C2-4364-B45D-C66F71737328}.Debug|Any CPU.Build.0 = Debug|Any CPU
		{051A69DF-E4C2-4364-B45D-C66F71737328}.Release|Any CPU.ActiveCfg = Release|Any CPU
		{051A69DF-E4C2-4364-B45D-C66F71737328}.Release|Any CPU.Build.0 = Release|Any CPU
	EndGlobalSection
	GlobalSection(SolutionProperties) = preSolution
		HideSolutionNode = FALSE
	EndGlobalSection
EndGlobal
